Microsoft Visual Studio Solution File, Format Version 12.00
# Visual Studio Version 17
VisualStudioVersion = 17.5.2.0
MinimumVisualStudioVersion = 10.0.40219.1
Project("{2150E333-8FDC-42A3-9474-1A3956D46DE8}") = "3-Sockets", "3-Sockets", "{D5A51433-FF42-2312-AE77-AC0107B78918}"
EndProject
Project("{2150E333-8FDC-42A3-9474-1A3956D46DE8}") = "2-Threads", "2-Threads", "{F50005B0-DD62-CEB0-065D-B5BE2E653873}"
EndProject
Project("{FAE04EC0-301F-11D3-BF4B-00C04F79EFBC}") = "C#", "3-Sockets\C#\C#.csproj", "{F07AF845-D1AB-5393-8166-7B4763ABDD7A}"
EndProject
Project("{2150E333-8FDC-42A3-9474-1A3956D46DE8}") = "2025", "2025", "{0213513F-79D1-F775-3017-A7DDF3C2BBAB}"
EndProject
Project("{FAE04EC0-301F-11D3-BF4B-00C04F79EFBC}") = "csharp", "2-Threads\2025\csharp\csharp.csproj", "{3EC7361D-B0A6-D42D-E61F-A500184C0AC2}"
EndProject
Global
	GlobalSection(SolutionConfigurationPlatforms) = preSolution
		Debug|Any CPU = Debug|Any CPU
		Release|Any CPU = Release|Any CPU
	EndGlobalSection
	GlobalSection(ProjectConfigurationPlatforms) = postSolution
		{F07AF845-D1AB-5393-8166-7B4763ABDD7A}.Debug|Any CPU.ActiveCfg = Debug|Any CPU
		{F07AF845-D1AB-5393-8166-7B4763ABDD7A}.Debug|Any CPU.Build.0 = Debug|Any CPU
		{F07AF845-D1AB-5393-8166-7B4763ABDD7A}.Release|Any CPU.ActiveCfg = Release|Any CPU
		{F07AF845-D1AB-5393-8166-7B4763ABDD7A}.Release|Any CPU.Build.0 = Release|Any CPU
		{3EC7361D-B0A6-D42D-E61F-A500184C0AC2}.Debug|Any CPU.ActiveCfg = Debug|Any CPU
		{3EC7361D-B0A6-D42D-E61F-A500184C0AC2}.Debug|Any CPU.Build.0 = Debug|Any CPU
		{3EC7361D-B0A6-D42D-E61F-A500184C0AC2}.Release|Any CPU.ActiveCfg = Release|Any CPU
		{3EC7361D-B0A6-D42D-E61F-A500184C0AC2}.Release|Any CPU.Build.0 = Release|Any CPU
	EndGlobalSection
	GlobalSection(SolutionProperties) = preSolution
		HideSolutionNode = FALSE
	EndGlobalSection
	GlobalSection(NestedProjects) = preSolution
		{F07AF845-D1AB-5393-8166-7B4763ABDD7A} = {D5A51433-FF42-2312-AE77-AC0107B78918}
		{0213513F-79D1-F775-3017-A7DDF3C2BBAB} = {F50005B0-DD62-CEB0-065D-B5BE2E653873}
		{3EC7361D-B0A6-D42D-E61F-A500184C0AC2} = {0213513F-79D1-F775-3017-A7DDF3C2BBAB}
	EndGlobalSection
	GlobalSection(ExtensibilityGlobals) = postSolution
		SolutionGuid = {E6DF799C-4A22-4A85-888F-2BC31C67C0CF}
	EndGlobalSection
EndGlobal
